
Microsoft Visual Studio Solution File, Format Version 12.00
# Visual Studio 14
VisualStudioVersion = 14.0.23107.0
MinimumVisualStudioVersion = 10.0.40219.1
Project("{159641D6-6404-4A2A-AE62-294DE0FE8301}") = "ExchangeMarketDatabase", "ExchangeMarketDatabase\ExchangeMarketDatabase.dtproj", "{B42FA3DE-7E73-4255-B313-DEB3A1DBA16A}"
EndProject
Global
	GlobalSection(SolutionConfigurationPlatforms) = preSolution
		Development|Default = Development|Default
	EndGlobalSection
	GlobalSection(ProjectConfigurationPlatforms) = postSolution
		{B42FA3DE-7E73-4255-B313-DEB3A1DBA16A}.Development|Default.ActiveCfg = Development
		{B42FA3DE-7E73-4255-B313-DEB3A1DBA16A}.Development|Default.Build.0 = Development
	EndGlobalSection
	GlobalSection(SolutionProperties) = preSolution
		HideSolutionNode = FALSE
	EndGlobalSection
EndGlobal
